
Microsoft Visual Studio Solution File, Format Version 12.00
# Visual Studio 15
VisualStudioVersion = 15.0.27004.2008
MinimumVisualStudioVersion = 10.0.40219.1
Project("{FAE04EC0-301F-11D3-BF4B-00C04F79EFBC}") = "FAT Utility", "FAT Utility\FAT Utility.csproj", "{07B7C581-1FCA-4D73-B2D6-47C7F21F728E}"
EndProject
Global
	GlobalSection(SolutionConfigurationPlatforms) = preSolution
		Debug|Any CPU = Debug|Any CPU
		Release|Any CPU = Release|Any CPU
	EndGlobalSection
	GlobalSection(ProjectConfigurationPlatforms) = postSolution
		{07B7C581-1FCA-4D73-B2D6-47C7F21F728E}.Debug|Any CPU.ActiveCfg = Debug|Any CPU
		{07B7C581-1FCA-4D73-B2D6-47C7F21F728E}.Debug|Any CPU.Build.0 = Debug|Any CPU
		{07B7C581-1FCA-4D73-B2D6-47C7F21F728E}.Release|Any CPU.ActiveCfg = Release|Any CPU
		{07B7C581-1FCA-4D73-B2D6-47C7F21F728E}.Release|Any CPU.Build.0 = Release|Any CPU
	EndGlobalSection
	GlobalSection(SolutionProperties) = preSolution
		HideSolutionNode = FALSE
	EndGlobalSection
	GlobalSection(ExtensibilityGlobals) = postSolution
		SolutionGuid = {20BC57C0-02DB-4D77-BE3E-1AEE6ACC0C58}
	EndGlobalSection
EndGlobal
